
Microsoft Visual Studio Solution File, Format Version 12.00
# Visual Studio Version 17
Project("{2150E333-8FDC-42A3-9474-1A3956D46DE8}") = "CMakePredefinedTargets", "CMakePredefinedTargets", "{20CF0B93-0784-38B1-9E28-75BADC24A333}"
EndProject
Project("{2150E333-8FDC-42A3-9474-1A3956D46DE8}") = "QtInternalTargets", "QtInternalTargets", "{23AA63D2-F333-3F23-B2C8-892589C43E04}"
EndProject
Project("{8BC9CEB8-8B4A-11D0-8D11-00A0C91BC942}") = "ALL_BUILD", "ALL_BUILD.vcxproj", "{22FAF979-81A6-347E-B4F1-07C70817A5DA}"
	ProjectSection(ProjectDependencies) = postProject
		{7CFA60A9-AEF0-364B-B9F5-0204177BE771} = {7CFA60A9-AEF0-364B-B9F5-0204177BE771}
		{FAA12867-CCFF-31CB-87BC-C7FF7DC3ED96} = {FAA12867-CCFF-31CB-87BC-C7FF7DC3ED96}
	EndProjectSection
EndProject
Project("{8BC9CEB8-8B4A-11D0-8D11-00A0C91BC942}") = "INSTALL", "INSTALL.vcxproj", "{CD041A49-AC7C-365E-8452-AC05C225A226}"
	ProjectSection(ProjectDependencies) = postProject
		{22FAF979-81A6-347E-B4F1-07C70817A5DA} = {22FAF979-81A6-347E-B4F1-07C70817A5DA}
		{FAA12867-CCFF-31CB-87BC-C7FF7DC3ED96} = {FAA12867-CCFF-31CB-87BC-C7FF7DC3ED96}
	EndProjectSection
EndProject
Project("{8BC9CEB8-8B4A-11D0-8D11-00A0C91BC942}") = "T-JSON", "T-JSON.vcxproj", "{7CFA60A9-AEF0-364B-B9F5-0204177BE771}"
	ProjectSection(ProjectDependencies) = postProject
		{065D0195-C693-35AC-AA0A-4C143DB730DE} = {065D0195-C693-35AC-AA0A-4C143DB730DE}
		{FAA12867-CCFF-31CB-87BC-C7FF7DC3ED96} = {FAA12867-CCFF-31CB-87BC-C7FF7DC3ED96}
	EndProjectSection
EndProject
Project("{8BC9CEB8-8B4A-11D0-8D11-00A0C91BC942}") = "T-JSON_qmlimportscan", "T-JSON_qmlimportscan.vcxproj", "{065D0195-C693-35AC-AA0A-4C143DB730DE}"
	ProjectSection(ProjectDependencies) = postProject
		{FAA12867-CCFF-31CB-87BC-C7FF7DC3ED96} = {FAA12867-CCFF-31CB-87BC-C7FF7DC3ED96}
	EndProjectSection
EndProject
Project("{8BC9CEB8-8B4A-11D0-8D11-00A0C91BC942}") = "ZERO_CHECK", "ZERO_CHECK.vcxproj", "{FAA12867-CCFF-31CB-87BC-C7FF7DC3ED96}"
	ProjectSection(ProjectDependencies) = postProject
	EndProjectSection
EndProject
Global
	GlobalSection(SolutionConfigurationPlatforms) = preSolution
		Debug|x64 = Debug|x64
		Release|x64 = Release|x64
		MinSizeRel|x64 = MinSizeRel|x64
		RelWithDebInfo|x64 = RelWithDebInfo|x64
	EndGlobalSection
	GlobalSection(ProjectConfigurationPlatforms) = postSolution
		{22FAF979-81A6-347E-B4F1-07C70817A5DA}.Debug|x64.ActiveCfg = Debug|x64
		{22FAF979-81A6-347E-B4F1-07C70817A5DA}.Debug|x64.Build.0 = Debug|x64
		{22FAF979-81A6-347E-B4F1-07C70817A5DA}.Release|x64.ActiveCfg = Release|x64
		{22FAF979-81A6-347E-B4F1-07C70817A5DA}.Release|x64.Build.0 = Release|x64
		{22FAF979-81A6-347E-B4F1-07C70817A5DA}.MinSizeRel|x64.ActiveCfg = MinSizeRel|x64
		{22FAF979-81A6-347E-B4F1-07C70817A5DA}.MinSizeRel|x64.Build.0 = MinSizeRel|x64
		{22FAF979-81A6-347E-B4F1-07C70817A5DA}.RelWithDebInfo|x64.ActiveCfg = RelWithDebInfo|x64
		{22FAF979-81A6-347E-B4F1-07C70817A5DA}.RelWithDebInfo|x64.Build.0 = RelWithDebInfo|x64
		{CD041A49-AC7C-365E-8452-AC05C225A226}.Debug|x64.ActiveCfg = Debug|x64
		{CD041A49-AC7C-365E-8452-AC05C225A226}.Release|x64.ActiveCfg = Release|x64
		{CD041A49-AC7C-365E-8452-AC05C225A226}.MinSizeRel|x64.ActiveCfg = MinSizeRel|x64
		{CD041A49-AC7C-365E-8452-AC05C225A226}.RelWithDebInfo|x64.ActiveCfg = RelWithDebInfo|x64
		{7CFA60A9-AEF0-364B-B9F5-0204177BE771}.Debug|x64.ActiveCfg = Debug|x64
		{7CFA60A9-AEF0-364B-B9F5-0204177BE771}.Debug|x64.Build.0 = Debug|x64
		{7CFA60A9-AEF0-364B-B9F5-0204177BE771}.Release|x64.ActiveCfg = Release|x64
		{7CFA60A9-AEF0-364B-B9F5-0204177BE771}.Release|x64.Build.0 = Release|x64
		{7CFA60A9-AEF0-364B-B9F5-0204177BE771}.MinSizeRel|x64.ActiveCfg = MinSizeRel|x64
		{7CFA60A9-AEF0-364B-B9F5-0204177BE771}.MinSizeRel|x64.Build.0 = MinSizeRel|x64
		{7CFA60A9-AEF0-364B-B9F5-0204177BE771}.RelWithDebInfo|x64.ActiveCfg = RelWithDebInfo|x64
		{7CFA60A9-AEF0-364B-B9F5-0204177BE771}.RelWithDebInfo|x64.Build.0 = RelWithDebInfo|x64
		{065D0195-C693-35AC-AA0A-4C143DB730DE}.Debug|x64.ActiveCfg = Debug|x64
		{065D0195-C693-35AC-AA0A-4C143DB730DE}.Debug|x64.Build.0 = Debug|x64
		{065D0195-C693-35AC-AA0A-4C143DB730DE}.Release|x64.ActiveCfg = Release|x64
		{065D0195-C693-35AC-AA0A-4C143DB730DE}.Release|x64.Build.0 = Release|x64
		{065D0195-C693-35AC-AA0A-4C143DB730DE}.MinSizeRel|x64.ActiveCfg = MinSizeRel|x64
		{065D0195-C693-35AC-AA0A-4C143DB730DE}.MinSizeRel|x64.Build.0 = MinSizeRel|x64
		{065D0195-C693-35AC-AA0A-4C143DB730DE}.RelWithDebInfo|x64.ActiveCfg = RelWithDebInfo|x64
		{065D0195-C693-35AC-AA0A-4C143DB730DE}.RelWithDebInfo|x64.Build.0 = RelWithDebInfo|x64
		{FAA12867-CCFF-31CB-87BC-C7FF7DC3ED96}.Debug|x64.ActiveCfg = Debug|x64
		{FAA12867-CCFF-31CB-87BC-C7FF7DC3ED96}.Debug|x64.Build.0 = Debug|x64
		{FAA12867-CCFF-31CB-87BC-C7FF7DC3ED96}.Release|x64.ActiveCfg = Release|x64
		{FAA12867-CCFF-31CB-87BC-C7FF7DC3ED96}.Release|x64.Build.0 = Release|x64
		{FAA12867-CCFF-31CB-87BC-C7FF7DC3ED96}.MinSizeRel|x64.ActiveCfg = MinSizeRel|x64
		{FAA12867-CCFF-31CB-87BC-C7FF7DC3ED96}.MinSizeRel|x64.Build.0 = MinSizeRel|x64
		{FAA12867-CCFF-31CB-87BC-C7FF7DC3ED96}.RelWithDebInfo|x64.ActiveCfg = RelWithDebInfo|x64
		{FAA12867-CCFF-31CB-87BC-C7FF7DC3ED96}.RelWithDebInfo|x64.Build.0 = RelWithDebInfo|x64
	EndGlobalSection
	GlobalSection(NestedProjects) = preSolution
		{22FAF979-81A6-347E-B4F1-07C70817A5DA} = {20CF0B93-0784-38B1-9E28-75BADC24A333}
		{CD041A49-AC7C-365E-8452-AC05C225A226} = {20CF0B93-0784-38B1-9E28-75BADC24A333}
		{FAA12867-CCFF-31CB-87BC-C7FF7DC3ED96} = {20CF0B93-0784-38B1-9E28-75BADC24A333}
		{065D0195-C693-35AC-AA0A-4C143DB730DE} = {23AA63D2-F333-3F23-B2C8-892589C43E04}
	EndGlobalSection
	GlobalSection(ExtensibilityGlobals) = postSolution
		SolutionGuid = {CCA8ABDE-0EF9-3D86-9F43-A0B19D3FC918}
	EndGlobalSection
	GlobalSection(ExtensibilityAddIns) = postSolution
	EndGlobalSection
EndGlobal
